
Microsoft Visual Studio Solution File, Format Version 12.00
# Visual Studio Version 16
VisualStudioVersion = 16.0.28721.148
MinimumVisualStudioVersion = 10.0.40219.1
Project("{F2A71F9B-5D33-465A-A702-920D77279786}") = "TaskDo", "TaskDo\TaskDo.fsproj", "{C5A60203-7728-4FEF-B9D6-2B69671338C9}"
EndProject
Project("{2150E333-8FDC-42A3-9474-1A3956D46DE8}") = "Solution Items", "Solution Items", "{929D00F4-0EF4-4EE6-ABB5-1E2DE5817639}"
	ProjectSection(SolutionItems) = preProject
		README.md = README.md
	EndProjectSection
EndProject
Global
	GlobalSection(SolutionConfigurationPlatforms) = preSolution
		Debug|Any CPU = Debug|Any CPU
		Release|Any CPU = Release|Any CPU
	EndGlobalSection
	GlobalSection(ProjectConfigurationPlatforms) = postSolution
		{C5A60203-7728-4FEF-B9D6-2B69671338C9}.Debug|Any CPU.ActiveCfg = Debug|Any CPU
		{C5A60203-7728-4FEF-B9D6-2B69671338C9}.Debug|Any CPU.Build.0 = Debug|Any CPU
		{C5A60203-7728-4FEF-B9D6-2B69671338C9}.Release|Any CPU.ActiveCfg = Release|Any CPU
		{C5A60203-7728-4FEF-B9D6-2B69671338C9}.Release|Any CPU.Build.0 = Release|Any CPU
	EndGlobalSection
	GlobalSection(SolutionProperties) = preSolution
		HideSolutionNode = FALSE
	EndGlobalSection
	GlobalSection(ExtensibilityGlobals) = postSolution
		SolutionGuid = {68FC78E4-EE97-4D37-A9B2-558FD3D93840}
	EndGlobalSection
EndGlobal
