
Microsoft Visual Studio Solution File, Format Version 12.00
# Visual Studio Version 16
VisualStudioVersion = 16.0.28721.148
MinimumVisualStudioVersion = 10.0.40219.1
Project("{6EC3EE1D-3C4E-46DD-8F32-0CC8E7565705}") = "Domain", "src\Domain\Domain.fsproj", "{C5A60203-7728-4FEF-B9D6-2B69671338C9}"
EndProject
Project("{2150E333-8FDC-42A3-9474-1A3956D46DE8}") = "Solution Items", "Solution Items", "{929D00F4-0EF4-4EE6-ABB5-1E2DE5817639}"
	ProjectSection(SolutionItems) = preProject
		README.md = README.md
		TaskList.fsx = TaskList.fsx
	EndProjectSection
EndProject
Project("{6EC3EE1D-3C4E-46DD-8F32-0CC8E7565705}") = "Domain.Tests", "test\Domain.Tests\Domain.Tests.fsproj", "{9A3832E7-A02F-4B7F-9CE2-E675C1A2E4E4}"
EndProject
Project("{6EC3EE1D-3C4E-46DD-8F32-0CC8E7565705}") = "Api", "src\Api\Api.fsproj", "{00C782FB-8E80-4DF2-912C-0EC4F7C0BD5A}"
EndProject
Project("{2150E333-8FDC-42A3-9474-1A3956D46DE8}") = "src", "src", "{A8106A3D-C43F-4A95-892D-6A9F559921C4}"
EndProject
Project("{2150E333-8FDC-42A3-9474-1A3956D46DE8}") = "test", "test", "{68179C91-A5CC-4741-A758-0F41CC8F74C0}"
EndProject
Global
	GlobalSection(SolutionConfigurationPlatforms) = preSolution
		Debug|Any CPU = Debug|Any CPU
		Release|Any CPU = Release|Any CPU
	EndGlobalSection
	GlobalSection(ProjectConfigurationPlatforms) = postSolution
		{C5A60203-7728-4FEF-B9D6-2B69671338C9}.Debug|Any CPU.ActiveCfg = Debug|Any CPU
		{C5A60203-7728-4FEF-B9D6-2B69671338C9}.Debug|Any CPU.Build.0 = Debug|Any CPU
		{C5A60203-7728-4FEF-B9D6-2B69671338C9}.Release|Any CPU.ActiveCfg = Release|Any CPU
		{C5A60203-7728-4FEF-B9D6-2B69671338C9}.Release|Any CPU.Build.0 = Release|Any CPU
		{9A3832E7-A02F-4B7F-9CE2-E675C1A2E4E4}.Debug|Any CPU.ActiveCfg = Debug|Any CPU
		{9A3832E7-A02F-4B7F-9CE2-E675C1A2E4E4}.Debug|Any CPU.Build.0 = Debug|Any CPU
		{9A3832E7-A02F-4B7F-9CE2-E675C1A2E4E4}.Release|Any CPU.ActiveCfg = Release|Any CPU
		{9A3832E7-A02F-4B7F-9CE2-E675C1A2E4E4}.Release|Any CPU.Build.0 = Release|Any CPU
		{00C782FB-8E80-4DF2-912C-0EC4F7C0BD5A}.Debug|Any CPU.ActiveCfg = Debug|Any CPU
		{00C782FB-8E80-4DF2-912C-0EC4F7C0BD5A}.Debug|Any CPU.Build.0 = Debug|Any CPU
		{00C782FB-8E80-4DF2-912C-0EC4F7C0BD5A}.Release|Any CPU.ActiveCfg = Release|Any CPU
		{00C782FB-8E80-4DF2-912C-0EC4F7C0BD5A}.Release|Any CPU.Build.0 = Release|Any CPU
	EndGlobalSection
	GlobalSection(SolutionProperties) = preSolution
		HideSolutionNode = FALSE
	EndGlobalSection
	GlobalSection(NestedProjects) = preSolution
		{C5A60203-7728-4FEF-B9D6-2B69671338C9} = {A8106A3D-C43F-4A95-892D-6A9F559921C4}
		{9A3832E7-A02F-4B7F-9CE2-E675C1A2E4E4} = {68179C91-A5CC-4741-A758-0F41CC8F74C0}
		{00C782FB-8E80-4DF2-912C-0EC4F7C0BD5A} = {A8106A3D-C43F-4A95-892D-6A9F559921C4}
	EndGlobalSection
	GlobalSection(ExtensibilityGlobals) = postSolution
		SolutionGuid = {68FC78E4-EE97-4D37-A9B2-558FD3D93840}
	EndGlobalSection
EndGlobal
